// !$*UTF8*$!
{
	archiveVersion = 1;
	classes = {
	};
	objectVersion = 46;
	objects = {

/* Begin PBXBuildFile section */
		684BF7DA1DE03C380020CCF3 /* QTKit.framework in Frameworks */ = {isa = PBXBuildFile; fileRef = 684BF7D91DE03C380020CCF3 /* QTKit.framework */; };
		684BF8271DE0CAA60020CCF3 /* ClarifaiApp.m in Sources */ = {isa = PBXBuildFile; fileRef = 684BF8111DE0CAA60020CCF3 /* ClarifaiApp.m */; };
		684BF8281DE0CAA60020CCF3 /* ClarifaiConcept.m in Sources */ = {isa = PBXBuildFile; fileRef = 684BF8131DE0CAA60020CCF3 /* ClarifaiConcept.m */; };
		684BF8291DE0CAA60020CCF3 /* ClarifaiCrop.m in Sources */ = {isa = PBXBuildFile; fileRef = 684BF8161DE0CAA60020CCF3 /* ClarifaiCrop.m */; };
		684BF82A1DE0CAA60020CCF3 /* ClarifaiImage.m in Sources */ = {isa = PBXBuildFile; fileRef = 684BF8181DE0CAA60020CCF3 /* ClarifaiImage.m */; };
		684BF82B1DE0CAA60020CCF3 /* ClarifaiInput.m in Sources */ = {isa = PBXBuildFile; fileRef = 684BF81A1DE0CAA60020CCF3 /* ClarifaiInput.m */; };
		684BF82C1DE0CAA60020CCF3 /* ClarifaiModel.m in Sources */ = {isa = PBXBuildFile; fileRef = 684BF81C1DE0CAA60020CCF3 /* ClarifaiModel.m */; };
		684BF82D1DE0CAA60020CCF3 /* ClarifaiModelVersion.m in Sources */ = {isa = PBXBuildFile; fileRef = 684BF81E1DE0CAA60020CCF3 /* ClarifaiModelVersion.m */; };
		684BF82E1DE0CAA60020CCF3 /* ClarifaiOutput.m in Sources */ = {isa = PBXBuildFile; fileRef = 684BF8201DE0CAA60020CCF3 /* ClarifaiOutput.m */; };
		684BF82F1DE0CAA60020CCF3 /* ClarifaiSearchResult.m in Sources */ = {isa = PBXBuildFile; fileRef = 684BF8221DE0CAA60020CCF3 /* ClarifaiSearchResult.m */; };
		684BF8301DE0CAA60020CCF3 /* ClarifaiSearchTerm.m in Sources */ = {isa = PBXBuildFile; fileRef = 684BF8241DE0CAA60020CCF3 /* ClarifaiSearchTerm.m */; };
		684BF8311DE0CAA60020CCF3 /* NSArray+Clarifai.m in Sources */ = {isa = PBXBuildFile; fileRef = 684BF8261DE0CAA60020CCF3 /* NSArray+Clarifai.m */; };
		8D28AFE499EE98B7BF30246D /* libPods-GestureControl.a in Frameworks */ = {isa = PBXBuildFile; fileRef = D90D8C74BC0AFF99CE3F55DE /* libPods-GestureControl.a */; };
		94DF89911DE018F400E8380D /* AppDelegate.m in Sources */ = {isa = PBXBuildFile; fileRef = 94DF89901DE018F400E8380D /* AppDelegate.m */; };
		94DF89941DE018F400E8380D /* main.m in Sources */ = {isa = PBXBuildFile; fileRef = 94DF89931DE018F400E8380D /* main.m */; };
		94DF89971DE018F400E8380D /* ViewController.m in Sources */ = {isa = PBXBuildFile; fileRef = 94DF89961DE018F400E8380D /* ViewController.m */; };
		94DF89991DE018F400E8380D /* Assets.xcassets in Resources */ = {isa = PBXBuildFile; fileRef = 94DF89981DE018F400E8380D /* Assets.xcassets */; };
		94DF899C1DE018F400E8380D /* Main.storyboard in Resources */ = {isa = PBXBuildFile; fileRef = 94DF899A1DE018F400E8380D /* Main.storyboard */; };
/* End PBXBuildFile section */

/* Begin PBXFileReference section */
		684BF7D91DE03C380020CCF3 /* QTKit.framework */ = {isa = PBXFileReference; lastKnownFileType = wrapper.framework; name = QTKit.framework; path = System/Library/Frameworks/QTKit.framework; sourceTree = SDKROOT; };
		684BF8101DE0CAA60020CCF3 /* ClarifaiApp.h */ = {isa = PBXFileReference; fileEncoding = 4; lastKnownFileType = sourcecode.c.h; path = ClarifaiApp.h; sourceTree = "<group>"; };
		684BF8111DE0CAA60020CCF3 /* ClarifaiApp.m */ = {isa = PBXFileReference; fileEncoding = 4; lastKnownFileType = sourcecode.c.objc; path = ClarifaiApp.m; sourceTree = "<group>"; };
		684BF8121DE0CAA60020CCF3 /* ClarifaiConcept.h */ = {isa = PBXFileReference; fileEncoding = 4; lastKnownFileType = sourcecode.c.h; path = ClarifaiConcept.h; sourceTree = "<group>"; };
		684BF8131DE0CAA60020CCF3 /* ClarifaiConcept.m */ = {isa = PBXFileReference; fileEncoding = 4; lastKnownFileType = sourcecode.c.objc; path = ClarifaiConcept.m; sourceTree = "<group>"; };
		684BF8141DE0CAA60020CCF3 /* ClarifaiConstants.h */ = {isa = PBXFileReference; fileEncoding = 4; lastKnownFileType = sourcecode.c.h; path = ClarifaiConstants.h; sourceTree = "<group>"; };
		684BF8151DE0CAA60020CCF3 /* ClarifaiCrop.h */ = {isa = PBXFileReference; fileEncoding = 4; lastKnownFileType = sourcecode.c.h; path = ClarifaiCrop.h; sourceTree = "<group>"; };
		684BF8161DE0CAA60020CCF3 /* ClarifaiCrop.m */ = {isa = PBXFileReference; fileEncoding = 4; lastKnownFileType = sourcecode.c.objc; path = ClarifaiCrop.m; sourceTree = "<group>"; };
		684BF8171DE0CAA60020CCF3 /* ClarifaiImage.h */ = {isa = PBXFileReference; fileEncoding = 4; lastKnownFileType = sourcecode.c.h; path = ClarifaiImage.h; sourceTree = "<group>"; };
		684BF8181DE0CAA60020CCF3 /* ClarifaiImage.m */ = {isa = PBXFileReference; fileEncoding = 4; lastKnownFileType = sourcecode.c.objc; path = ClarifaiImage.m; sourceTree = "<group>"; };
		684BF8191DE0CAA60020CCF3 /* ClarifaiInput.h */ = {isa = PBXFileReference; fileEncoding = 4; lastKnownFileType = sourcecode.c.h; path = ClarifaiInput.h; sourceTree = "<group>"; };
		684BF81A1DE0CAA60020CCF3 /* ClarifaiInput.m */ = {isa = PBXFileReference; fileEncoding = 4; lastKnownFileType = sourcecode.c.objc; path = ClarifaiInput.m; sourceTree = "<group>"; };
		684BF81B1DE0CAA60020CCF3 /* ClarifaiModel.h */ = {isa = PBXFileReference; fileEncoding = 4; lastKnownFileType = sourcecode.c.h; path = ClarifaiModel.h; sourceTree = "<group>"; };
		684BF81C1DE0CAA60020CCF3 /* ClarifaiModel.m */ = {isa = PBXFileReference; fileEncoding = 4; lastKnownFileType = sourcecode.c.objc; path = ClarifaiModel.m; sourceTree = "<group>"; };
		684BF81D1DE0CAA60020CCF3 /* ClarifaiModelVersion.h */ = {isa = PBXFileReference; fileEncoding = 4; lastKnownFileType = sourcecode.c.h; path = ClarifaiModelVersion.h; sourceTree = "<group>"; };
		684BF81E1DE0CAA60020CCF3 /* ClarifaiModelVersion.m */ = {isa = PBXFileReference; fileEncoding = 4; lastKnownFileType = sourcecode.c.objc; path = ClarifaiModelVersion.m; sourceTree = "<group>"; };
		684BF81F1DE0CAA60020CCF3 /* ClarifaiOutput.h */ = {isa = PBXFileReference; fileEncoding = 4; lastKnownFileType = sourcecode.c.h; path = ClarifaiOutput.h; sourceTree = "<group>"; };
		684BF8201DE0CAA60020CCF3 /* ClarifaiOutput.m */ = {isa = PBXFileReference; fileEncoding = 4; lastKnownFileType = sourcecode.c.objc; path = ClarifaiOutput.m; sourceTree = "<group>"; };
		684BF8211DE0CAA60020CCF3 /* ClarifaiSearchResult.h */ = {isa = PBXFileReference; fileEncoding = 4; lastKnownFileType = sourcecode.c.h; path = ClarifaiSearchResult.h; sourceTree = "<group>"; };
		684BF8221DE0CAA60020CCF3 /* ClarifaiSearchResult.m */ = {isa = PBXFileReference; fileEncoding = 4; lastKnownFileType = sourcecode.c.objc; path = ClarifaiSearchResult.m; sourceTree = "<group>"; };
		684BF8231DE0CAA60020CCF3 /* ClarifaiSearchTerm.h */ = {isa = PBXFileReference; fileEncoding = 4; lastKnownFileType = sourcecode.c.h; path = ClarifaiSearchTerm.h; sourceTree = "<group>"; };
		684BF8241DE0CAA60020CCF3 /* ClarifaiSearchTerm.m */ = {isa = PBXFileReference; fileEncoding = 4; lastKnownFileType = sourcecode.c.objc; path = ClarifaiSearchTerm.m; sourceTree = "<group>"; };
		684BF8251DE0CAA60020CCF3 /* NSArray+Clarifai.h */ = {isa = PBXFileReference; fileEncoding = 4; lastKnownFileType = sourcecode.c.h; path = "NSArray+Clarifai.h"; sourceTree = "<group>"; };
		684BF8261DE0CAA60020CCF3 /* NSArray+Clarifai.m */ = {isa = PBXFileReference; fileEncoding = 4; lastKnownFileType = sourcecode.c.objc; path = "NSArray+Clarifai.m"; sourceTree = "<group>"; };
		6B6E4C27EDCAD52B2EE565A2 /* Pods-GestureControl.release.xcconfig */ = {isa = PBXFileReference; includeInIndex = 1; lastKnownFileType = text.xcconfig; name = "Pods-GestureControl.release.xcconfig"; path = "Pods/Target Support Files/Pods-GestureControl/Pods-GestureControl.release.xcconfig"; sourceTree = "<group>"; };
		94DF898C1DE018F400E8380D /* GestureControl.app */ = {isa = PBXFileReference; explicitFileType = wrapper.application; includeInIndex = 0; path = GestureControl.app; sourceTree = BUILT_PRODUCTS_DIR; };
		94DF898F1DE018F400E8380D /* AppDelegate.h */ = {isa = PBXFileReference; lastKnownFileType = sourcecode.c.h; path = AppDelegate.h; sourceTree = "<group>"; };
		94DF89901DE018F400E8380D /* AppDelegate.m */ = {isa = PBXFileReference; lastKnownFileType = sourcecode.c.objc; path = AppDelegate.m; sourceTree = "<group>"; };
		94DF89931DE018F400E8380D /* main.m */ = {isa = PBXFileReference; lastKnownFileType = sourcecode.c.objc; path = main.m; sourceTree = "<group>"; };
		94DF89951DE018F400E8380D /* ViewController.h */ = {isa = PBXFileReference; lastKnownFileType = sourcecode.c.h; path = ViewController.h; sourceTree = "<group>"; };
		94DF89961DE018F400E8380D /* ViewController.m */ = {isa = PBXFileReference; lastKnownFileType = sourcecode.c.objc; path = ViewController.m; sourceTree = "<group>"; };
		94DF89981DE018F400E8380D /* Assets.xcassets */ = {isa = PBXFileReference; lastKnownFileType = folder.assetcatalog; path = Assets.xcassets; sourceTree = "<group>"; };
		94DF899B1DE018F400E8380D /* Base */ = {isa = PBXFileReference; lastKnownFileType = file.storyboard; name = Base; path = Base.lproj/Main.storyboard; sourceTree = "<group>"; };
		94DF899D1DE018F400E8380D /* Info.plist */ = {isa = PBXFileReference; lastKnownFileType = text.plist.xml; path = Info.plist; sourceTree = "<group>"; };
		9F06D2CBB9182B478280712F /* Pods-GestureControl.debug.xcconfig */ = {isa = PBXFileReference; includeInIndex = 1; lastKnownFileType = text.xcconfig; name = "Pods-GestureControl.debug.xcconfig"; path = "Pods/Target Support Files/Pods-GestureControl/Pods-GestureControl.debug.xcconfig"; sourceTree = "<group>"; };
		D90D8C74BC0AFF99CE3F55DE /* libPods-GestureControl.a */ = {isa = PBXFileReference; explicitFileType = archive.ar; includeInIndex = 0; path = "libPods-GestureControl.a"; sourceTree = BUILT_PRODUCTS_DIR; };
/* End PBXFileReference section */

/* Begin PBXFrameworksBuildPhase section */
		94DF89891DE018F400E8380D /* Frameworks */ = {
			isa = PBXFrameworksBuildPhase;
			buildActionMask = 2147483647;
			files = (
				684BF7DA1DE03C380020CCF3 /* QTKit.framework in Frameworks */,
				8D28AFE499EE98B7BF30246D /* libPods-GestureControl.a in Frameworks */,
			);
			runOnlyForDeploymentPostprocessing = 0;
		};
/* End PBXFrameworksBuildPhase section */

/* Begin PBXGroup section */
		684BF7D81DE03C380020CCF3 /* Frameworks */ = {
			isa = PBXGroup;
			children = (
				684BF7D91DE03C380020CCF3 /* QTKit.framework */,
				D90D8C74BC0AFF99CE3F55DE /* libPods-GestureControl.a */,
			);
			name = Frameworks;
			sourceTree = "<group>";
		};
		684BF80F1DE0CA990020CCF3 /* Clarifai */ = {
			isa = PBXGroup;
			children = (
				684BF8101DE0CAA60020CCF3 /* ClarifaiApp.h */,
				684BF8111DE0CAA60020CCF3 /* ClarifaiApp.m */,
				684BF8121DE0CAA60020CCF3 /* ClarifaiConcept.h */,
				684BF8131DE0CAA60020CCF3 /* ClarifaiConcept.m */,
				684BF8141DE0CAA60020CCF3 /* ClarifaiConstants.h */,
				684BF8151DE0CAA60020CCF3 /* ClarifaiCrop.h */,
				684BF8161DE0CAA60020CCF3 /* ClarifaiCrop.m */,
				684BF8171DE0CAA60020CCF3 /* ClarifaiImage.h */,
				684BF8181DE0CAA60020CCF3 /* ClarifaiImage.m */,
				684BF8191DE0CAA60020CCF3 /* ClarifaiInput.h */,
				684BF81A1DE0CAA60020CCF3 /* ClarifaiInput.m */,
				684BF81B1DE0CAA60020CCF3 /* ClarifaiModel.h */,
				684BF81C1DE0CAA60020CCF3 /* ClarifaiModel.m */,
				684BF81D1DE0CAA60020CCF3 /* ClarifaiModelVersion.h */,
				684BF81E1DE0CAA60020CCF3 /* ClarifaiModelVersion.m */,
				684BF81F1DE0CAA60020CCF3 /* ClarifaiOutput.h */,
				684BF8201DE0CAA60020CCF3 /* ClarifaiOutput.m */,
				684BF8211DE0CAA60020CCF3 /* ClarifaiSearchResult.h */,
				684BF8221DE0CAA60020CCF3 /* ClarifaiSearchResult.m */,
				684BF8231DE0CAA60020CCF3 /* ClarifaiSearchTerm.h */,
				684BF8241DE0CAA60020CCF3 /* ClarifaiSearchTerm.m */,
				684BF8251DE0CAA60020CCF3 /* NSArray+Clarifai.h */,
				684BF8261DE0CAA60020CCF3 /* NSArray+Clarifai.m */,
			);
			name = Clarifai;
			sourceTree = "<group>";
		};
		94DF89831DE018F400E8380D = {
			isa = PBXGroup;
			children = (
				94DF898E1DE018F400E8380D /* GestureControl */,
				94DF898D1DE018F400E8380D /* Products */,
				684BF7D81DE03C380020CCF3 /* Frameworks */,
				97B8843757B99F090137798C /* Pods */,
			);
			sourceTree = "<group>";
		};
		94DF898D1DE018F400E8380D /* Products */ = {
			isa = PBXGroup;
			children = (
				94DF898C1DE018F400E8380D /* GestureControl.app */,
			);
			name = Products;
			sourceTree = "<group>";
		};
		94DF898E1DE018F400E8380D /* GestureControl */ = {
			isa = PBXGroup;
			children = (
				684BF80F1DE0CA990020CCF3 /* Clarifai */,
				94DF898F1DE018F400E8380D /* AppDelegate.h */,
				94DF89901DE018F400E8380D /* AppDelegate.m */,
				94DF89951DE018F400E8380D /* ViewController.h */,
				94DF89961DE018F400E8380D /* ViewController.m */,
				94DF89981DE018F400E8380D /* Assets.xcassets */,
				94DF899A1DE018F400E8380D /* Main.storyboard */,
				94DF899D1DE018F400E8380D /* Info.plist */,
				94DF89921DE018F400E8380D /* Supporting Files */,
			);
			path = GestureControl;
			sourceTree = "<group>";
		};
		94DF89921DE018F400E8380D /* Supporting Files */ = {
			isa = PBXGroup;
			children = (
				94DF89931DE018F400E8380D /* main.m */,
			);
			name = "Supporting Files";
			sourceTree = "<group>";
		};
		97B8843757B99F090137798C /* Pods */ = {
			isa = PBXGroup;
			children = (
				9F06D2CBB9182B478280712F /* Pods-GestureControl.debug.xcconfig */,
				6B6E4C27EDCAD52B2EE565A2 /* Pods-GestureControl.release.xcconfig */,
			);
			name = Pods;
			sourceTree = "<group>";
		};
/* End PBXGroup section */

/* Begin PBXNativeTarget section */
		94DF898B1DE018F400E8380D /* GestureControl */ = {
			isa = PBXNativeTarget;
			buildConfigurationList = 94DF89A01DE018F400E8380D /* Build configuration list for PBXNativeTarget "GestureControl" */;
			buildPhases = (
				AAB949633EA9CF7173668A7B /* [CP] Check Pods Manifest.lock */,
				94DF89881DE018F400E8380D /* Sources */,
				94DF89891DE018F400E8380D /* Frameworks */,
				94DF898A1DE018F400E8380D /* Resources */,
				FEB1677FAEF195C7A6686465 /* [CP] Embed Pods Frameworks */,
				7199C3940763B38F5AE16868 /* [CP] Copy Pods Resources */,
			);
			buildRules = (
			);
			dependencies = (
			);
			name = GestureControl;
			productName = GestureControl;
			productReference = 94DF898C1DE018F400E8380D /* GestureControl.app */;
			productType = "com.apple.product-type.application";
		};
/* End PBXNativeTarget section */

/* Begin PBXProject section */
		94DF89841DE018F400E8380D /* Project object */ = {
			isa = PBXProject;
			attributes = {
				LastUpgradeCheck = 0820;
				ORGANIZATIONNAME = "Meg Grasse";
				TargetAttributes = {
					94DF898B1DE018F400E8380D = {
						CreatedOnToolsVersion = 8.1;
						ProvisioningStyle = Automatic;
					};
				};
			};
			buildConfigurationList = 94DF89871DE018F400E8380D /* Build configuration list for PBXProject "GestureControl" */;
			compatibilityVersion = "Xcode 3.2";
			developmentRegion = English;
			hasScannedForEncodings = 0;
			knownRegions = (
				en,
				Base,
			);
			mainGroup = 94DF89831DE018F400E8380D;
			productRefGroup = 94DF898D1DE018F400E8380D /* Products */;
			projectDirPath = "";
			projectRoot = "";
			targets = (
				94DF898B1DE018F400E8380D /* GestureControl */,
			);
		};
/* End PBXProject section */

/* Begin PBXResourcesBuildPhase section */
		94DF898A1DE018F400E8380D /* Resources */ = {
			isa = PBXResourcesBuildPhase;
			buildActionMask = 2147483647;
			files = (
				94DF89991DE018F400E8380D /* Assets.xcassets in Resources */,
				94DF899C1DE018F400E8380D /* Main.storyboard in Resources */,
			);
			runOnlyForDeploymentPostprocessing = 0;
		};
/* End PBXResourcesBuildPhase section */

/* Begin PBXShellScriptBuildPhase section */
		7199C3940763B38F5AE16868 /* [CP] Copy Pods Resources */ = {
			isa = PBXShellScriptBuildPhase;
			buildActionMask = 2147483647;
			files = (
			);
			inputPaths = (
			);
			name = "[CP] Copy Pods Resources";
			outputPaths = (
			);
			runOnlyForDeploymentPostprocessing = 0;
			shellPath = /bin/sh;
			shellScript = "\"${SRCROOT}/Pods/Target Support Files/Pods-GestureControl/Pods-GestureControl-resources.sh\"\n";
			showEnvVarsInLog = 0;
		};
		AAB949633EA9CF7173668A7B /* [CP] Check Pods Manifest.lock */ = {
			isa = PBXShellScriptBuildPhase;
			buildActionMask = 2147483647;
			files = (
			);
			inputPaths = (
			);
			name = "[CP] Check Pods Manifest.lock";
			outputPaths = (
			);
			runOnlyForDeploymentPostprocessing = 0;
			shellPath = /bin/sh;
			shellScript = "diff \"${PODS_ROOT}/../Podfile.lock\" \"${PODS_ROOT}/Manifest.lock\" > /dev/null\nif [ $? != 0 ] ; then\n    # print error to STDERR\n    echo \"error: The sandbox is not in sync with the Podfile.lock. Run 'pod install' or update your CocoaPods installation.\" >&2\n    exit 1\nfi\n";
			showEnvVarsInLog = 0;
		};
		FEB1677FAEF195C7A6686465 /* [CP] Embed Pods Frameworks */ = {
			isa = PBXShellScriptBuildPhase;
			buildActionMask = 2147483647;
			files = (
			);
			inputPaths = (
			);
			name = "[CP] Embed Pods Frameworks";
			outputPaths = (
			);
			runOnlyForDeploymentPostprocessing = 0;
			shellPath = /bin/sh;
			shellScript = "\"${SRCROOT}/Pods/Target Support Files/Pods-GestureControl/Pods-GestureControl-frameworks.sh\"\n";
			showEnvVarsInLog = 0;
		};
/* End PBXShellScriptBuildPhase section */

/* Begin PBXSourcesBuildPhase section */
		94DF89881DE018F400E8380D /* Sources */ = {
			isa = PBXSourcesBuildPhase;
			buildActionMask = 2147483647;
			files = (
				684BF82A1DE0CAA60020CCF3 /* ClarifaiImage.m in Sources */,
				684BF8311DE0CAA60020CCF3 /* NSArray+Clarifai.m in Sources */,
				684BF82F1DE0CAA60020CCF3 /* ClarifaiSearchResult.m in Sources */,
				684BF82D1DE0CAA60020CCF3 /* ClarifaiModelVersion.m in Sources */,
				684BF82E1DE0CAA60020CCF3 /* ClarifaiOutput.m in Sources */,
				684BF82C1DE0CAA60020CCF3 /* ClarifaiModel.m in Sources */,
				684BF8291DE0CAA60020CCF3 /* ClarifaiCrop.m in Sources */,
				684BF8271DE0CAA60020CCF3 /* ClarifaiApp.m in Sources */,
				684BF8301DE0CAA60020CCF3 /* ClarifaiSearchTerm.m in Sources */,
				684BF8281DE0CAA60020CCF3 /* ClarifaiConcept.m in Sources */,
				94DF89971DE018F400E8380D /* ViewController.m in Sources */,
				684BF82B1DE0CAA60020CCF3 /* ClarifaiInput.m in Sources */,
				94DF89941DE018F400E8380D /* main.m in Sources */,
				94DF89911DE018F400E8380D /* AppDelegate.m in Sources */,
			);
			runOnlyForDeploymentPostprocessing = 0;
		};
/* End PBXSourcesBuildPhase section */

/* Begin PBXVariantGroup section */
		94DF899A1DE018F400E8380D /* Main.storyboard */ = {
			isa = PBXVariantGroup;
			children = (
				94DF899B1DE018F400E8380D /* Base */,
			);
			name = Main.storyboard;
			sourceTree = "<group>";
		};
/* End PBXVariantGroup section */

/* Begin XCBuildConfiguration section */
		94DF899E1DE018F400E8380D /* Debug */ = {
			isa = XCBuildConfiguration;
			buildSettings = {
				ALWAYS_SEARCH_USER_PATHS = NO;
				CLANG_ANALYZER_NONNULL = YES;
				CLANG_CXX_LANGUAGE_STANDARD = "gnu++0x";
				CLANG_CXX_LIBRARY = "libc++";
				CLANG_ENABLE_MODULES = YES;
				CLANG_ENABLE_OBJC_ARC = YES;
				CLANG_WARN_BOOL_CONVERSION = YES;
				CLANG_WARN_CONSTANT_CONVERSION = YES;
				CLANG_WARN_DIRECT_OBJC_ISA_USAGE = YES_ERROR;
				CLANG_WARN_DOCUMENTATION_COMMENTS = YES;
				CLANG_WARN_EMPTY_BODY = YES;
				CLANG_WARN_ENUM_CONVERSION = YES;
				CLANG_WARN_INFINITE_RECURSION = YES;
				CLANG_WARN_INT_CONVERSION = YES;
				CLANG_WARN_OBJC_ROOT_CLASS = YES_ERROR;
				CLANG_WARN_SUSPICIOUS_MOVE = YES;
				CLANG_WARN_SUSPICIOUS_MOVES = YES;
				CLANG_WARN_UNREACHABLE_CODE = YES;
				CLANG_WARN__DUPLICATE_METHOD_MATCH = YES;
				CODE_SIGN_IDENTITY = "-";
				COPY_PHASE_STRIP = NO;
				DEBUG_INFORMATION_FORMAT = dwarf;
				ENABLE_STRICT_OBJC_MSGSEND = YES;
				ENABLE_TESTABILITY = YES;
				GCC_C_LANGUAGE_STANDARD = gnu99;
				GCC_DYNAMIC_NO_PIC = NO;
				GCC_NO_COMMON_BLOCKS = YES;
				GCC_OPTIMIZATION_LEVEL = 0;
				GCC_PREPROCESSOR_DEFINITIONS = (
					"DEBUG=1",
					"$(inherited)",
				);
				GCC_WARN_64_TO_32_BIT_CONVERSION = YES;
				GCC_WARN_ABOUT_RETURN_TYPE = YES_ERROR;
				GCC_WARN_UNDECLARED_SELECTOR = YES;
				GCC_WARN_UNINITIALIZED_AUTOS = YES_AGGRESSIVE;
				GCC_WARN_UNUSED_FUNCTION = YES;
				GCC_WARN_UNUSED_VARIABLE = YES;
				MACOSX_DEPLOYMENT_TARGET = 10.12;
				MTL_ENABLE_DEBUG_INFO = YES;
				ONLY_ACTIVE_ARCH = YES;
				SDKROOT = macosx;
			};
			name = Debug;
		};
		94DF899F1DE018F400E8380D /* Release */ = {
			isa = XCBuildConfiguration;
			buildSettings = {
				ALWAYS_SEARCH_USER_PATHS = NO;
				CLANG_ANALYZER_NONNULL = YES;
				CLANG_CXX_LANGUAGE_STANDARD = "gnu++0x";
				CLANG_CXX_LIBRARY = "libc++";
				CLANG_ENABLE_MODULES = YES;
				CLANG_ENABLE_OBJC_ARC = YES;
				CLANG_WARN_BOOL_CONVERSION = YES;
				CLANG_WARN_CONSTANT_CONVERSION = YES;
				CLANG_WARN_DIRECT_OBJC_ISA_USAGE = YES_ERROR;
				CLANG_WARN_DOCUMENTATION_COMMENTS = YES;
				CLANG_WARN_EMPTY_BODY = YES;
				CLANG_WARN_ENUM_CONVERSION = YES;
				CLANG_WARN_INFINITE_RECURSION = YES;
				CLANG_WARN_INT_CONVERSION = YES;
				CLANG_WARN_OBJC_ROOT_CLASS = YES_ERROR;
				CLANG_WARN_SUSPICIOUS_MOVE = YES;
				CLANG_WARN_SUSPICIOUS_MOVES = YES;
				CLANG_WARN_UNREACHABLE_CODE = YES;
				CLANG_WARN__DUPLICATE_METHOD_MATCH = YES;
				CODE_SIGN_IDENTITY = "-";
				COPY_PHASE_STRIP = NO;
				DEBUG_INFORMATION_FORMAT = "dwarf-with-dsym";
				ENABLE_NS_ASSERTIONS = NO;
				ENABLE_STRICT_OBJC_MSGSEND = YES;
				GCC_C_LANGUAGE_STANDARD = gnu99;
				GCC_NO_COMMON_BLOCKS = YES;
				GCC_WARN_64_TO_32_BIT_CONVERSION = YES;
				GCC_WARN_ABOUT_RETURN_TYPE = YES_ERROR;
				GCC_WARN_UNDECLARED_SELECTOR = YES;
				GCC_WARN_UNINITIALIZED_AUTOS = YES_AGGRESSIVE;
				GCC_WARN_UNUSED_FUNCTION = YES;
				GCC_WARN_UNUSED_VARIABLE = YES;
				MACOSX_DEPLOYMENT_TARGET = 10.12;
				MTL_ENABLE_DEBUG_INFO = NO;
				SDKROOT = macosx;
			};
			name = Release;
		};
		94DF89A11DE018F400E8380D /* Debug */ = {
			isa = XCBuildConfiguration;
			baseConfigurationReference = 9F06D2CBB9182B478280712F /* Pods-GestureControl.debug.xcconfig */;
			buildSettings = {
				ASSETCATALOG_COMPILER_APPICON_NAME = AppIcon;
				COMBINE_HIDPI_IMAGES = YES;
				INFOPLIST_FILE = GestureControl/Info.plist;
				LD_RUNPATH_SEARCH_PATHS = "$(inherited) @executable_path/../Frameworks";
				PRODUCT_BUNDLE_IDENTIFIER = com.meggrasse.GestureControl;
				PRODUCT_NAME = "$(TARGET_NAME)";
			};
			name = Debug;
		};
		94DF89A21DE018F400E8380D /* Release */ = {
			isa = XCBuildConfiguration;
			baseConfigurationReference = 6B6E4C27EDCAD52B2EE565A2 /* Pods-GestureControl.release.xcconfig */;
			buildSettings = {
				ASSETCATALOG_COMPILER_APPICON_NAME = AppIcon;
				COMBINE_HIDPI_IMAGES = YES;
				INFOPLIST_FILE = GestureControl/Info.plist;
				LD_RUNPATH_SEARCH_PATHS = "$(inherited) @executable_path/../Frameworks";
				PRODUCT_BUNDLE_IDENTIFIER = com.meggrasse.GestureControl;
				PRODUCT_NAME = "$(TARGET_NAME)";
			};
			name = Release;
		};
/* End XCBuildConfiguration section */

/* Begin XCConfigurationList section */
		94DF89871DE018F400E8380D /* Build configuration list for PBXProject "GestureControl" */ = {
			isa = XCConfigurationList;
			buildConfigurations = (
				94DF899E1DE018F400E8380D /* Debug */,
				94DF899F1DE018F400E8380D /* Release */,
			);
			defaultConfigurationIsVisible = 0;
			defaultConfigurationName = Release;
		};
		94DF89A01DE018F400E8380D /* Build configuration list for PBXNativeTarget "GestureControl" */ = {
			isa = XCConfigurationList;
			buildConfigurations = (
				94DF89A11DE018F400E8380D /* Debug */,
				94DF89A21DE018F400E8380D /* Release */,
			);
			defaultConfigurationIsVisible = 0;
			defaultConfigurationName = Release;
		};
/* End XCConfigurationList section */
	};
	rootObject = 94DF89841DE018F400E8380D /* Project object */;
}
